
Microsoft Visual Studio Solution File, Format Version 12.00
# Visual Studio 15
VisualStudioVersion = 15.0.27130.2020
MinimumVisualStudioVersion = 10.0.40219.1
Project("{8BC9CEB8-8B4A-11D0-8D11-00A0C91BC942}") = "DesignPatterns", "DesignPatterns\DesignPatterns.vcxproj", "{E0408EF0-B734-42FF-90A8-D2C7F66A22B0}"
EndProject
Project("{8BC9CEB8-8B4A-11D0-8D11-00A0C91BC942}") = "BuilderPattern", "BuilderPattern\BuilderPattern.vcxproj", "{200AD3BF-DF32-440A-89EF-F24F9B999EB2}"
EndProject
Project("{8BC9CEB8-8B4A-11D0-8D11-00A0C91BC942}") = "FactoryPattern", "FactoryPattern\FactoryPattern.vcxproj", "{AC028A30-F8F4-4CC2-B344-CAA53C1B87F5}"
EndProject
Project("{8BC9CEB8-8B4A-11D0-8D11-00A0C91BC942}") = "PrototypePattern", "PrototypePattern\PrototypePattern.vcxproj", "{2E1D23D8-5EDB-4D09-A766-1F1889225A27}"
EndProject
Global
	GlobalSection(SolutionConfigurationPlatforms) = preSolution
		Debug|x64 = Debug|x64
		Debug|x86 = Debug|x86
		Release|x64 = Release|x64
		Release|x86 = Release|x86
	EndGlobalSection
	GlobalSection(ProjectConfigurationPlatforms) = postSolution
		{E0408EF0-B734-42FF-90A8-D2C7F66A22B0}.Debug|x64.ActiveCfg = Debug|x64
		{E0408EF0-B734-42FF-90A8-D2C7F66A22B0}.Debug|x64.Build.0 = Debug|x64
		{E0408EF0-B734-42FF-90A8-D2C7F66A22B0}.Debug|x86.ActiveCfg = Debug|Win32
		{E0408EF0-B734-42FF-90A8-D2C7F66A22B0}.Debug|x86.Build.0 = Debug|Win32
		{E0408EF0-B734-42FF-90A8-D2C7F66A22B0}.Release|x64.ActiveCfg = Release|x64
		{E0408EF0-B734-42FF-90A8-D2C7F66A22B0}.Release|x64.Build.0 = Release|x64
		{E0408EF0-B734-42FF-90A8-D2C7F66A22B0}.Release|x86.ActiveCfg = Release|Win32
		{E0408EF0-B734-42FF-90A8-D2C7F66A22B0}.Release|x86.Build.0 = Release|Win32
		{200AD3BF-DF32-440A-89EF-F24F9B999EB2}.Debug|x64.ActiveCfg = Debug|x64
		{200AD3BF-DF32-440A-89EF-F24F9B999EB2}.Debug|x64.Build.0 = Debug|x64
		{200AD3BF-DF32-440A-89EF-F24F9B999EB2}.Debug|x86.ActiveCfg = Debug|Win32
		{200AD3BF-DF32-440A-89EF-F24F9B999EB2}.Debug|x86.Build.0 = Debug|Win32
		{200AD3BF-DF32-440A-89EF-F24F9B999EB2}.Release|x64.ActiveCfg = Release|x64
		{200AD3BF-DF32-440A-89EF-F24F9B999EB2}.Release|x64.Build.0 = Release|x64
		{200AD3BF-DF32-440A-89EF-F24F9B999EB2}.Release|x86.ActiveCfg = Release|Win32
		{200AD3BF-DF32-440A-89EF-F24F9B999EB2}.Release|x86.Build.0 = Release|Win32
		{AC028A30-F8F4-4CC2-B344-CAA53C1B87F5}.Debug|x64.ActiveCfg = Debug|x64
		{AC028A30-F8F4-4CC2-B344-CAA53C1B87F5}.Debug|x64.Build.0 = Debug|x64
		{AC028A30-F8F4-4CC2-B344-CAA53C1B87F5}.Debug|x86.ActiveCfg = Debug|Win32
		{AC028A30-F8F4-4CC2-B344-CAA53C1B87F5}.Debug|x86.Build.0 = Debug|Win32
		{AC028A30-F8F4-4CC2-B344-CAA53C1B87F5}.Release|x64.ActiveCfg = Release|x64
		{AC028A30-F8F4-4CC2-B344-CAA53C1B87F5}.Release|x64.Build.0 = Release|x64
		{AC028A30-F8F4-4CC2-B344-CAA53C1B87F5}.Release|x86.ActiveCfg = Release|Win32
		{AC028A30-F8F4-4CC2-B344-CAA53C1B87F5}.Release|x86.Build.0 = Release|Win32
		{2E1D23D8-5EDB-4D09-A766-1F1889225A27}.Debug|x64.ActiveCfg = Debug|x64
		{2E1D23D8-5EDB-4D09-A766-1F1889225A27}.Debug|x64.Build.0 = Debug|x64
		{2E1D23D8-5EDB-4D09-A766-1F1889225A27}.Debug|x86.ActiveCfg = Debug|Win32
		{2E1D23D8-5EDB-4D09-A766-1F1889225A27}.Debug|x86.Build.0 = Debug|Win32
		{2E1D23D8-5EDB-4D09-A766-1F1889225A27}.Release|x64.ActiveCfg = Release|x64
		{2E1D23D8-5EDB-4D09-A766-1F1889225A27}.Release|x64.Build.0 = Release|x64
		{2E1D23D8-5EDB-4D09-A766-1F1889225A27}.Release|x86.ActiveCfg = Release|Win32
		{2E1D23D8-5EDB-4D09-A766-1F1889225A27}.Release|x86.Build.0 = Release|Win32
	EndGlobalSection
	GlobalSection(SolutionProperties) = preSolution
		HideSolutionNode = FALSE
	EndGlobalSection
	GlobalSection(ExtensibilityGlobals) = postSolution
		SolutionGuid = {4898F70F-D604-4FC1-8D80-113E665CC492}
	EndGlobalSection
EndGlobal
