
Microsoft Visual Studio Solution File, Format Version 12.00
# Visual Studio 15
VisualStudioVersion = 15.0.27130.2020
MinimumVisualStudioVersion = 10.0.40219.1
Project("{8BC9CEB8-8B4A-11D0-8D11-00A0C91BC942}") = "DesignPatterns", "DesignPatterns\DesignPatterns.vcxproj", "{E0408EF0-B734-42FF-90A8-D2C7F66A22B0}"
EndProject
Project("{8BC9CEB8-8B4A-11D0-8D11-00A0C91BC942}") = "BuilderPattern", "BuilderPattern\BuilderPattern.vcxproj", "{200AD3BF-DF32-440A-89EF-F24F9B999EB2}"
EndProject
Project("{8BC9CEB8-8B4A-11D0-8D11-00A0C91BC942}") = "FactoryPattern", "FactoryPattern\FactoryPattern.vcxproj", "{AC028A30-F8F4-4CC2-B344-CAA53C1B87F5}"
EndProject
Project("{8BC9CEB8-8B4A-11D0-8D11-00A0C91BC942}") = "PrototypePattern", "PrototypePattern\PrototypePattern.vcxproj", "{2E1D23D8-5EDB-4D09-A766-1F1889225A27}"
EndProject
Project("{8BC9CEB8-8B4A-11D0-8D11-00A0C91BC942}") = "SingletonPattern", "SingletonPattern\SingletonPattern.vcxproj", "{FE5B8F61-4528-4792-9FEC-BC6CB866FAE8}"
EndProject
Project("{8BC9CEB8-8B4A-11D0-8D11-00A0C91BC942}") = "AdapterPattern", "AdapterPattern\AdapterPattern.vcxproj", "{9D0DFDB3-138E-46FA-B493-694161F286FE}"
EndProject
Project("{8BC9CEB8-8B4A-11D0-8D11-00A0C91BC942}") = "BridgePattern", "BridgePattern\BridgePattern.vcxproj", "{A58F52C6-ABF2-4940-AE9D-6D53E08E8D2F}"
EndProject
Project("{8BC9CEB8-8B4A-11D0-8D11-00A0C91BC942}") = "FacadePattern", "FacadePattern\FacadePattern.vcxproj", "{CCEA902E-2CC8-4CA0-8F98-66D54C60DA7A}"
EndProject
Project("{8BC9CEB8-8B4A-11D0-8D11-00A0C91BC942}") = "CompositePattern", "CompositePattern\CompositePattern.vcxproj", "{ABAE3290-ED70-4C0C-ACC0-E75ADCC574A7}"
EndProject
Project("{8BC9CEB8-8B4A-11D0-8D11-00A0C91BC942}") = "DecoratorPattern", "DecoratorPattern\DecoratorPattern.vcxproj", "{F60AD362-6B4B-47C6-AB18-F83A7414D796}"
EndProject
Project("{8BC9CEB8-8B4A-11D0-8D11-00A0C91BC942}") = "FlyweightPattern", "FlyweightPattern\FlyweightPattern.vcxproj", "{09822B68-C01C-42D3-B6EE-00545FED5BEE}"
EndProject
Project("{8BC9CEB8-8B4A-11D0-8D11-00A0C91BC942}") = "ProxyPattern", "ProxyPattern\ProxyPattern.vcxproj", "{57E15321-72BD-426E-B629-8EDDE4017216}"
EndProject
Project("{8BC9CEB8-8B4A-11D0-8D11-00A0C91BC942}") = "ChainOfResponsibility", "ChainOfResponsibility\ChainOfResponsibility.vcxproj", "{CA685935-9FA2-4AEC-9B2E-71266A461B62}"
EndProject
Project("{8BC9CEB8-8B4A-11D0-8D11-00A0C91BC942}") = "CommandPattern", "CommandPattern\CommandPattern.vcxproj", "{9213A75C-9E4B-48B0-93EC-847E523376B0}"
EndProject
Project("{8BC9CEB8-8B4A-11D0-8D11-00A0C91BC942}") = "IteratorPattern", "IteratorPattern\IteratorPattern.vcxproj", "{4387131C-3F24-4D19-93BE-16C2BFD5DF26}"
EndProject
Project("{8BC9CEB8-8B4A-11D0-8D11-00A0C91BC942}") = "MediatorPattern", "MediatorPattern\MediatorPattern.vcxproj", "{BA7763E2-1B19-4B18-8071-82BAE17AB0FB}"
EndProject
Project("{8BC9CEB8-8B4A-11D0-8D11-00A0C91BC942}") = "MementoPattern", "MementoPattern\MementoPattern.vcxproj", "{917F8C33-51FE-4F73-B24D-DB5EE55FFFF6}"
EndProject
Project("{8BC9CEB8-8B4A-11D0-8D11-00A0C91BC942}") = "ObserverPattern", "ObserverPattern\ObserverPattern.vcxproj", "{5C95FC98-98F6-4ABE-B6E2-10C4AA921958}"
EndProject
Project("{8BC9CEB8-8B4A-11D0-8D11-00A0C91BC942}") = "StatePattern", "StatePattern\StatePattern.vcxproj", "{C5DB6B46-800B-4828-8B83-F6466FC32D21}"
EndProject
Project("{8BC9CEB8-8B4A-11D0-8D11-00A0C91BC942}") = "StrategyPattern", "StrategyPattern\StrategyPattern.vcxproj", "{03BDE947-5900-4705-9307-611E4765183D}"
EndProject
Project("{8BC9CEB8-8B4A-11D0-8D11-00A0C91BC942}") = "TemplateMethod", "TemplateMethod\TemplateMethod.vcxproj", "{A36A5058-EFB5-458E-B110-5F06E57296D8}"
EndProject
Global
	GlobalSection(SolutionConfigurationPlatforms) = preSolution
		Debug|x64 = Debug|x64
		Debug|x86 = Debug|x86
		Release|x64 = Release|x64
		Release|x86 = Release|x86
	EndGlobalSection
	GlobalSection(ProjectConfigurationPlatforms) = postSolution
		{E0408EF0-B734-42FF-90A8-D2C7F66A22B0}.Debug|x64.ActiveCfg = Debug|x64
		{E0408EF0-B734-42FF-90A8-D2C7F66A22B0}.Debug|x64.Build.0 = Debug|x64
		{E0408EF0-B734-42FF-90A8-D2C7F66A22B0}.Debug|x86.ActiveCfg = Debug|Win32
		{E0408EF0-B734-42FF-90A8-D2C7F66A22B0}.Debug|x86.Build.0 = Debug|Win32
		{E0408EF0-B734-42FF-90A8-D2C7F66A22B0}.Release|x64.ActiveCfg = Release|x64
		{E0408EF0-B734-42FF-90A8-D2C7F66A22B0}.Release|x64.Build.0 = Release|x64
		{E0408EF0-B734-42FF-90A8-D2C7F66A22B0}.Release|x86.ActiveCfg = Release|Win32
		{E0408EF0-B734-42FF-90A8-D2C7F66A22B0}.Release|x86.Build.0 = Release|Win32
		{200AD3BF-DF32-440A-89EF-F24F9B999EB2}.Debug|x64.ActiveCfg = Debug|x64
		{200AD3BF-DF32-440A-89EF-F24F9B999EB2}.Debug|x64.Build.0 = Debug|x64
		{200AD3BF-DF32-440A-89EF-F24F9B999EB2}.Debug|x86.ActiveCfg = Debug|Win32
		{200AD3BF-DF32-440A-89EF-F24F9B999EB2}.Debug|x86.Build.0 = Debug|Win32
		{200AD3BF-DF32-440A-89EF-F24F9B999EB2}.Release|x64.ActiveCfg = Release|x64
		{200AD3BF-DF32-440A-89EF-F24F9B999EB2}.Release|x64.Build.0 = Release|x64
		{200AD3BF-DF32-440A-89EF-F24F9B999EB2}.Release|x86.ActiveCfg = Release|Win32
		{200AD3BF-DF32-440A-89EF-F24F9B999EB2}.Release|x86.Build.0 = Release|Win32
		{AC028A30-F8F4-4CC2-B344-CAA53C1B87F5}.Debug|x64.ActiveCfg = Debug|x64
		{AC028A30-F8F4-4CC2-B344-CAA53C1B87F5}.Debug|x64.Build.0 = Debug|x64
		{AC028A30-F8F4-4CC2-B344-CAA53C1B87F5}.Debug|x86.ActiveCfg = Debug|Win32
		{AC028A30-F8F4-4CC2-B344-CAA53C1B87F5}.Debug|x86.Build.0 = Debug|Win32
		{AC028A30-F8F4-4CC2-B344-CAA53C1B87F5}.Release|x64.ActiveCfg = Release|x64
		{AC028A30-F8F4-4CC2-B344-CAA53C1B87F5}.Release|x64.Build.0 = Release|x64
		{AC028A30-F8F4-4CC2-B344-CAA53C1B87F5}.Release|x86.ActiveCfg = Release|Win32
		{AC028A30-F8F4-4CC2-B344-CAA53C1B87F5}.Release|x86.Build.0 = Release|Win32
		{2E1D23D8-5EDB-4D09-A766-1F1889225A27}.Debug|x64.ActiveCfg = Debug|x64
		{2E1D23D8-5EDB-4D09-A766-1F1889225A27}.Debug|x64.Build.0 = Debug|x64
		{2E1D23D8-5EDB-4D09-A766-1F1889225A27}.Debug|x86.ActiveCfg = Debug|Win32
		{2E1D23D8-5EDB-4D09-A766-1F1889225A27}.Debug|x86.Build.0 = Debug|Win32
		{2E1D23D8-5EDB-4D09-A766-1F1889225A27}.Release|x64.ActiveCfg = Release|x64
		{2E1D23D8-5EDB-4D09-A766-1F1889225A27}.Release|x64.Build.0 = Release|x64
		{2E1D23D8-5EDB-4D09-A766-1F1889225A27}.Release|x86.ActiveCfg = Release|Win32
		{2E1D23D8-5EDB-4D09-A766-1F1889225A27}.Release|x86.Build.0 = Release|Win32
		{FE5B8F61-4528-4792-9FEC-BC6CB866FAE8}.Debug|x64.ActiveCfg = Debug|x64
		{FE5B8F61-4528-4792-9FEC-BC6CB866FAE8}.Debug|x64.Build.0 = Debug|x64
		{FE5B8F61-4528-4792-9FEC-BC6CB866FAE8}.Debug|x86.ActiveCfg = Debug|Win32
		{FE5B8F61-4528-4792-9FEC-BC6CB866FAE8}.Debug|x86.Build.0 = Debug|Win32
		{FE5B8F61-4528-4792-9FEC-BC6CB866FAE8}.Release|x64.ActiveCfg = Release|x64
		{FE5B8F61-4528-4792-9FEC-BC6CB866FAE8}.Release|x64.Build.0 = Release|x64
		{FE5B8F61-4528-4792-9FEC-BC6CB866FAE8}.Release|x86.ActiveCfg = Release|Win32
		{FE5B8F61-4528-4792-9FEC-BC6CB866FAE8}.Release|x86.Build.0 = Release|Win32
		{9D0DFDB3-138E-46FA-B493-694161F286FE}.Debug|x64.ActiveCfg = Debug|x64
		{9D0DFDB3-138E-46FA-B493-694161F286FE}.Debug|x64.Build.0 = Debug|x64
		{9D0DFDB3-138E-46FA-B493-694161F286FE}.Debug|x86.ActiveCfg = Debug|Win32
		{9D0DFDB3-138E-46FA-B493-694161F286FE}.Debug|x86.Build.0 = Debug|Win32
		{9D0DFDB3-138E-46FA-B493-694161F286FE}.Release|x64.ActiveCfg = Release|x64
		{9D0DFDB3-138E-46FA-B493-694161F286FE}.Release|x64.Build.0 = Release|x64
		{9D0DFDB3-138E-46FA-B493-694161F286FE}.Release|x86.ActiveCfg = Release|Win32
		{9D0DFDB3-138E-46FA-B493-694161F286FE}.Release|x86.Build.0 = Release|Win32
		{A58F52C6-ABF2-4940-AE9D-6D53E08E8D2F}.Debug|x64.ActiveCfg = Debug|x64
		{A58F52C6-ABF2-4940-AE9D-6D53E08E8D2F}.Debug|x64.Build.0 = Debug|x64
		{A58F52C6-ABF2-4940-AE9D-6D53E08E8D2F}.Debug|x86.ActiveCfg = Debug|Win32
		{A58F52C6-ABF2-4940-AE9D-6D53E08E8D2F}.Debug|x86.Build.0 = Debug|Win32
		{A58F52C6-ABF2-4940-AE9D-6D53E08E8D2F}.Release|x64.ActiveCfg = Release|x64
		{A58F52C6-ABF2-4940-AE9D-6D53E08E8D2F}.Release|x64.Build.0 = Release|x64
		{A58F52C6-ABF2-4940-AE9D-6D53E08E8D2F}.Release|x86.ActiveCfg = Release|Win32
		{A58F52C6-ABF2-4940-AE9D-6D53E08E8D2F}.Release|x86.Build.0 = Release|Win32
		{CCEA902E-2CC8-4CA0-8F98-66D54C60DA7A}.Debug|x64.ActiveCfg = Debug|x64
		{CCEA902E-2CC8-4CA0-8F98-66D54C60DA7A}.Debug|x64.Build.0 = Debug|x64
		{CCEA902E-2CC8-4CA0-8F98-66D54C60DA7A}.Debug|x86.ActiveCfg = Debug|Win32
		{CCEA902E-2CC8-4CA0-8F98-66D54C60DA7A}.Debug|x86.Build.0 = Debug|Win32
		{CCEA902E-2CC8-4CA0-8F98-66D54C60DA7A}.Release|x64.ActiveCfg = Release|x64
		{CCEA902E-2CC8-4CA0-8F98-66D54C60DA7A}.Release|x64.Build.0 = Release|x64
		{CCEA902E-2CC8-4CA0-8F98-66D54C60DA7A}.Release|x86.ActiveCfg = Release|Win32
		{CCEA902E-2CC8-4CA0-8F98-66D54C60DA7A}.Release|x86.Build.0 = Release|Win32
		{ABAE3290-ED70-4C0C-ACC0-E75ADCC574A7}.Debug|x64.ActiveCfg = Debug|x64
		{ABAE3290-ED70-4C0C-ACC0-E75ADCC574A7}.Debug|x64.Build.0 = Debug|x64
		{ABAE3290-ED70-4C0C-ACC0-E75ADCC574A7}.Debug|x86.ActiveCfg = Debug|Win32
		{ABAE3290-ED70-4C0C-ACC0-E75ADCC574A7}.Debug|x86.Build.0 = Debug|Win32
		{ABAE3290-ED70-4C0C-ACC0-E75ADCC574A7}.Release|x64.ActiveCfg = Release|x64
		{ABAE3290-ED70-4C0C-ACC0-E75ADCC574A7}.Release|x64.Build.0 = Release|x64
		{ABAE3290-ED70-4C0C-ACC0-E75ADCC574A7}.Release|x86.ActiveCfg = Release|Win32
		{ABAE3290-ED70-4C0C-ACC0-E75ADCC574A7}.Release|x86.Build.0 = Release|Win32
		{F60AD362-6B4B-47C6-AB18-F83A7414D796}.Debug|x64.ActiveCfg = Debug|x64
		{F60AD362-6B4B-47C6-AB18-F83A7414D796}.Debug|x64.Build.0 = Debug|x64
		{F60AD362-6B4B-47C6-AB18-F83A7414D796}.Debug|x86.ActiveCfg = Debug|Win32
		{F60AD362-6B4B-47C6-AB18-F83A7414D796}.Debug|x86.Build.0 = Debug|Win32
		{F60AD362-6B4B-47C6-AB18-F83A7414D796}.Release|x64.ActiveCfg = Release|x64
		{F60AD362-6B4B-47C6-AB18-F83A7414D796}.Release|x64.Build.0 = Release|x64
		{F60AD362-6B4B-47C6-AB18-F83A7414D796}.Release|x86.ActiveCfg = Release|Win32
		{F60AD362-6B4B-47C6-AB18-F83A7414D796}.Release|x86.Build.0 = Release|Win32
		{09822B68-C01C-42D3-B6EE-00545FED5BEE}.Debug|x64.ActiveCfg = Debug|x64
		{09822B68-C01C-42D3-B6EE-00545FED5BEE}.Debug|x64.Build.0 = Debug|x64
		{09822B68-C01C-42D3-B6EE-00545FED5BEE}.Debug|x86.ActiveCfg = Debug|Win32
		{09822B68-C01C-42D3-B6EE-00545FED5BEE}.Debug|x86.Build.0 = Debug|Win32
		{09822B68-C01C-42D3-B6EE-00545FED5BEE}.Release|x64.ActiveCfg = Release|x64
		{09822B68-C01C-42D3-B6EE-00545FED5BEE}.Release|x64.Build.0 = Release|x64
		{09822B68-C01C-42D3-B6EE-00545FED5BEE}.Release|x86.ActiveCfg = Release|Win32
		{09822B68-C01C-42D3-B6EE-00545FED5BEE}.Release|x86.Build.0 = Release|Win32
		{57E15321-72BD-426E-B629-8EDDE4017216}.Debug|x64.ActiveCfg = Debug|x64
		{57E15321-72BD-426E-B629-8EDDE4017216}.Debug|x64.Build.0 = Debug|x64
		{57E15321-72BD-426E-B629-8EDDE4017216}.Debug|x86.ActiveCfg = Debug|Win32
		{57E15321-72BD-426E-B629-8EDDE4017216}.Debug|x86.Build.0 = Debug|Win32
		{57E15321-72BD-426E-B629-8EDDE4017216}.Release|x64.ActiveCfg = Release|x64
		{57E15321-72BD-426E-B629-8EDDE4017216}.Release|x64.Build.0 = Release|x64
		{57E15321-72BD-426E-B629-8EDDE4017216}.Release|x86.ActiveCfg = Release|Win32
		{57E15321-72BD-426E-B629-8EDDE4017216}.Release|x86.Build.0 = Release|Win32
		{CA685935-9FA2-4AEC-9B2E-71266A461B62}.Debug|x64.ActiveCfg = Debug|x64
		{CA685935-9FA2-4AEC-9B2E-71266A461B62}.Debug|x64.Build.0 = Debug|x64
		{CA685935-9FA2-4AEC-9B2E-71266A461B62}.Debug|x86.ActiveCfg = Debug|Win32
		{CA685935-9FA2-4AEC-9B2E-71266A461B62}.Debug|x86.Build.0 = Debug|Win32
		{CA685935-9FA2-4AEC-9B2E-71266A461B62}.Release|x64.ActiveCfg = Release|x64
		{CA685935-9FA2-4AEC-9B2E-71266A461B62}.Release|x64.Build.0 = Release|x64
		{CA685935-9FA2-4AEC-9B2E-71266A461B62}.Release|x86.ActiveCfg = Release|Win32
		{CA685935-9FA2-4AEC-9B2E-71266A461B62}.Release|x86.Build.0 = Release|Win32
		{9213A75C-9E4B-48B0-93EC-847E523376B0}.Debug|x64.ActiveCfg = Debug|x64
		{9213A75C-9E4B-48B0-93EC-847E523376B0}.Debug|x64.Build.0 = Debug|x64
		{9213A75C-9E4B-48B0-93EC-847E523376B0}.Debug|x86.ActiveCfg = Debug|Win32
		{9213A75C-9E4B-48B0-93EC-847E523376B0}.Debug|x86.Build.0 = Debug|Win32
		{9213A75C-9E4B-48B0-93EC-847E523376B0}.Release|x64.ActiveCfg = Release|x64
		{9213A75C-9E4B-48B0-93EC-847E523376B0}.Release|x64.Build.0 = Release|x64
		{9213A75C-9E4B-48B0-93EC-847E523376B0}.Release|x86.ActiveCfg = Release|Win32
		{9213A75C-9E4B-48B0-93EC-847E523376B0}.Release|x86.Build.0 = Release|Win32
		{4387131C-3F24-4D19-93BE-16C2BFD5DF26}.Debug|x64.ActiveCfg = Debug|x64
		{4387131C-3F24-4D19-93BE-16C2BFD5DF26}.Debug|x64.Build.0 = Debug|x64
		{4387131C-3F24-4D19-93BE-16C2BFD5DF26}.Debug|x86.ActiveCfg = Debug|Win32
		{4387131C-3F24-4D19-93BE-16C2BFD5DF26}.Debug|x86.Build.0 = Debug|Win32
		{4387131C-3F24-4D19-93BE-16C2BFD5DF26}.Release|x64.ActiveCfg = Release|x64
		{4387131C-3F24-4D19-93BE-16C2BFD5DF26}.Release|x64.Build.0 = Release|x64
		{4387131C-3F24-4D19-93BE-16C2BFD5DF26}.Release|x86.ActiveCfg = Release|Win32
		{4387131C-3F24-4D19-93BE-16C2BFD5DF26}.Release|x86.Build.0 = Release|Win32
		{BA7763E2-1B19-4B18-8071-82BAE17AB0FB}.Debug|x64.ActiveCfg = Debug|x64
		{BA7763E2-1B19-4B18-8071-82BAE17AB0FB}.Debug|x64.Build.0 = Debug|x64
		{BA7763E2-1B19-4B18-8071-82BAE17AB0FB}.Debug|x86.ActiveCfg = Debug|Win32
		{BA7763E2-1B19-4B18-8071-82BAE17AB0FB}.Debug|x86.Build.0 = Debug|Win32
		{BA7763E2-1B19-4B18-8071-82BAE17AB0FB}.Release|x64.ActiveCfg = Release|x64
		{BA7763E2-1B19-4B18-8071-82BAE17AB0FB}.Release|x64.Build.0 = Release|x64
		{BA7763E2-1B19-4B18-8071-82BAE17AB0FB}.Release|x86.ActiveCfg = Release|Win32
		{BA7763E2-1B19-4B18-8071-82BAE17AB0FB}.Release|x86.Build.0 = Release|Win32
		{917F8C33-51FE-4F73-B24D-DB5EE55FFFF6}.Debug|x64.ActiveCfg = Debug|x64
		{917F8C33-51FE-4F73-B24D-DB5EE55FFFF6}.Debug|x64.Build.0 = Debug|x64
		{917F8C33-51FE-4F73-B24D-DB5EE55FFFF6}.Debug|x86.ActiveCfg = Debug|Win32
		{917F8C33-51FE-4F73-B24D-DB5EE55FFFF6}.Debug|x86.Build.0 = Debug|Win32
		{917F8C33-51FE-4F73-B24D-DB5EE55FFFF6}.Release|x64.ActiveCfg = Release|x64
		{917F8C33-51FE-4F73-B24D-DB5EE55FFFF6}.Release|x64.Build.0 = Release|x64
		{917F8C33-51FE-4F73-B24D-DB5EE55FFFF6}.Release|x86.ActiveCfg = Release|Win32
		{917F8C33-51FE-4F73-B24D-DB5EE55FFFF6}.Release|x86.Build.0 = Release|Win32
		{5C95FC98-98F6-4ABE-B6E2-10C4AA921958}.Debug|x64.ActiveCfg = Debug|x64
		{5C95FC98-98F6-4ABE-B6E2-10C4AA921958}.Debug|x64.Build.0 = Debug|x64
		{5C95FC98-98F6-4ABE-B6E2-10C4AA921958}.Debug|x86.ActiveCfg = Debug|Win32
		{5C95FC98-98F6-4ABE-B6E2-10C4AA921958}.Debug|x86.Build.0 = Debug|Win32
		{5C95FC98-98F6-4ABE-B6E2-10C4AA921958}.Release|x64.ActiveCfg = Release|x64
		{5C95FC98-98F6-4ABE-B6E2-10C4AA921958}.Release|x64.Build.0 = Release|x64
		{5C95FC98-98F6-4ABE-B6E2-10C4AA921958}.Release|x86.ActiveCfg = Release|Win32
		{5C95FC98-98F6-4ABE-B6E2-10C4AA921958}.Release|x86.Build.0 = Release|Win32
		{C5DB6B46-800B-4828-8B83-F6466FC32D21}.Debug|x64.ActiveCfg = Debug|x64
		{C5DB6B46-800B-4828-8B83-F6466FC32D21}.Debug|x64.Build.0 = Debug|x64
		{C5DB6B46-800B-4828-8B83-F6466FC32D21}.Debug|x86.ActiveCfg = Debug|Win32
		{C5DB6B46-800B-4828-8B83-F6466FC32D21}.Debug|x86.Build.0 = Debug|Win32
		{C5DB6B46-800B-4828-8B83-F6466FC32D21}.Release|x64.ActiveCfg = Release|x64
		{C5DB6B46-800B-4828-8B83-F6466FC32D21}.Release|x64.Build.0 = Release|x64
		{C5DB6B46-800B-4828-8B83-F6466FC32D21}.Release|x86.ActiveCfg = Release|Win32
		{C5DB6B46-800B-4828-8B83-F6466FC32D21}.Release|x86.Build.0 = Release|Win32
		{03BDE947-5900-4705-9307-611E4765183D}.Debug|x64.ActiveCfg = Debug|x64
		{03BDE947-5900-4705-9307-611E4765183D}.Debug|x64.Build.0 = Debug|x64
		{03BDE947-5900-4705-9307-611E4765183D}.Debug|x86.ActiveCfg = Debug|Win32
		{03BDE947-5900-4705-9307-611E4765183D}.Debug|x86.Build.0 = Debug|Win32
		{03BDE947-5900-4705-9307-611E4765183D}.Release|x64.ActiveCfg = Release|x64
		{03BDE947-5900-4705-9307-611E4765183D}.Release|x64.Build.0 = Release|x64
		{03BDE947-5900-4705-9307-611E4765183D}.Release|x86.ActiveCfg = Release|Win32
		{03BDE947-5900-4705-9307-611E4765183D}.Release|x86.Build.0 = Release|Win32
		{A36A5058-EFB5-458E-B110-5F06E57296D8}.Debug|x64.ActiveCfg = Debug|x64
		{A36A5058-EFB5-458E-B110-5F06E57296D8}.Debug|x64.Build.0 = Debug|x64
		{A36A5058-EFB5-458E-B110-5F06E57296D8}.Debug|x86.ActiveCfg = Debug|Win32
		{A36A5058-EFB5-458E-B110-5F06E57296D8}.Debug|x86.Build.0 = Debug|Win32
		{A36A5058-EFB5-458E-B110-5F06E57296D8}.Release|x64.ActiveCfg = Release|x64
		{A36A5058-EFB5-458E-B110-5F06E57296D8}.Release|x64.Build.0 = Release|x64
		{A36A5058-EFB5-458E-B110-5F06E57296D8}.Release|x86.ActiveCfg = Release|Win32
		{A36A5058-EFB5-458E-B110-5F06E57296D8}.Release|x86.Build.0 = Release|Win32
	EndGlobalSection
	GlobalSection(SolutionProperties) = preSolution
		HideSolutionNode = FALSE
	EndGlobalSection
	GlobalSection(ExtensibilityGlobals) = postSolution
		SolutionGuid = {4898F70F-D604-4FC1-8D80-113E665CC492}
	EndGlobalSection
EndGlobal
